
Microsoft Visual Studio Solution File, Format Version 12.00
# Visual Studio Version 17
VisualStudioVersion = 17.0.32112.339
MinimumVisualStudioVersion = 10.0.40219.1
Project("{9A19103F-16F7-4668-BE54-9A1E7A4F7556}") = "BadgeMeUp", "BadgeMeUp.csproj", "{42CD6E74-503A-4EF1-B37D-7DAB3781F40C}"
EndProject
Global
	GlobalSection(SolutionConfigurationPlatforms) = preSolution
		Debug|Any CPU = Debug|Any CPU
		Release|Any CPU = Release|Any CPU
	EndGlobalSection
	GlobalSection(ProjectConfigurationPlatforms) = postSolution
		{42CD6E74-503A-4EF1-B37D-7DAB3781F40C}.Debug|Any CPU.ActiveCfg = Debug|Any CPU
		{42CD6E74-503A-4EF1-B37D-7DAB3781F40C}.Debug|Any CPU.Build.0 = Debug|Any CPU
		{42CD6E74-503A-4EF1-B37D-7DAB3781F40C}.Release|Any CPU.ActiveCfg = Release|Any CPU
		{42CD6E74-503A-4EF1-B37D-7DAB3781F40C}.Release|Any CPU.Build.0 = Release|Any CPU
	EndGlobalSection
	GlobalSection(SolutionProperties) = preSolution
		HideSolutionNode = FALSE
	EndGlobalSection
	GlobalSection(ExtensibilityGlobals) = postSolution
		SolutionGuid = {A946FD70-8ED8-45BC-A54E-C1AB97CE4916}
	EndGlobalSection
EndGlobal
